Microsoft Visual Studio Solution File, Format Version 12.00
# Visual Studio 2012
Project("{FAE04EC0-301F-11D3-BF4B-00C04F79EFBC}") = "Foxy antics", "Foxy antics.csproj", "{B0D906E4-5768-4E15-B252-33927EF4A51A}"
EndProject
Global
	GlobalSection(SolutionConfigurationPlatforms) = preSolution
	Debug|Any CPU = Debug|Any CPU
	ExportDebug|Any CPU = ExportDebug|Any CPU
	ExportRelease|Any CPU = ExportRelease|Any CPU
	EndGlobalSection
	GlobalSection(ProjectConfigurationPlatforms) = postSolution
		{B0D906E4-5768-4E15-B252-33927EF4A51A}.Debug|Any CPU.ActiveCfg = Debug|Any CPU
		{B0D906E4-5768-4E15-B252-33927EF4A51A}.Debug|Any CPU.Build.0 = Debug|Any CPU
		{B0D906E4-5768-4E15-B252-33927EF4A51A}.ExportDebug|Any CPU.ActiveCfg = ExportDebug|Any CPU
		{B0D906E4-5768-4E15-B252-33927EF4A51A}.ExportDebug|Any CPU.Build.0 = ExportDebug|Any CPU
		{B0D906E4-5768-4E15-B252-33927EF4A51A}.ExportRelease|Any CPU.ActiveCfg = ExportRelease|Any CPU
		{B0D906E4-5768-4E15-B252-33927EF4A51A}.ExportRelease|Any CPU.Build.0 = ExportRelease|Any CPU
	EndGlobalSection
EndGlobal
